
Microsoft Visual Studio Solution File, Format Version 12.00
# Visual Studio Version 16
VisualStudioVersion = 16.0.31410.357
MinimumVisualStudioVersion = 10.0.40219.1
Project("{FAE04EC0-301F-11D3-BF4B-00C04F79EFBC}") = "U4E10", "U4E10\U4E10.csproj", "{FE39985E-AB1F-4D8F-BA10-CC2A08D3914A}"
EndProject
Global
	GlobalSection(SolutionConfigurationPlatforms) = preSolution
		Debug|Any CPU = Debug|Any CPU
		Release|Any CPU = Release|Any CPU
	EndGlobalSection
	GlobalSection(ProjectConfigurationPlatforms) = postSolution
		{FE39985E-AB1F-4D8F-BA10-CC2A08D3914A}.Debug|Any CPU.ActiveCfg = Debug|Any CPU
		{FE39985E-AB1F-4D8F-BA10-CC2A08D3914A}.Debug|Any CPU.Build.0 = Debug|Any CPU
		{FE39985E-AB1F-4D8F-BA10-CC2A08D3914A}.Release|Any CPU.ActiveCfg = Release|Any CPU
		{FE39985E-AB1F-4D8F-BA10-CC2A08D3914A}.Release|Any CPU.Build.0 = Release|Any CPU
	EndGlobalSection
	GlobalSection(SolutionProperties) = preSolution
		HideSolutionNode = FALSE
	EndGlobalSection
	GlobalSection(ExtensibilityGlobals) = postSolution
		SolutionGuid = {3373F181-ECAF-4263-80D1-37744BF55219}
	EndGlobalSection
EndGlobal
